
Microsoft Visual Studio Solution File, Format Version 12.00
# Visual Studio Version 17
VisualStudioVersion = 17.14.36616.10 d17.14
MinimumVisualStudioVersion = 10.0.40219.1
Project("{FAE04EC0-301F-11D3-BF4B-00C04F79EFBC}") = "Project_git", "Project_git\Project_git.csproj", "{FDAE9B73-FF6D-4011-B414-850F6F936625}"
EndProject
Global
	GlobalSection(SolutionConfigurationPlatforms) = preSolution
		Debug|Any CPU = Debug|Any CPU
		Release|Any CPU = Release|Any CPU
	EndGlobalSection
	GlobalSection(ProjectConfigurationPlatforms) = postSolution
		{FDAE9B73-FF6D-4011-B414-850F6F936625}.Debug|Any CPU.ActiveCfg = Debug|Any CPU
		{FDAE9B73-FF6D-4011-B414-850F6F936625}.Debug|Any CPU.Build.0 = Debug|Any CPU
		{FDAE9B73-FF6D-4011-B414-850F6F936625}.Release|Any CPU.ActiveCfg = Release|Any CPU
		{FDAE9B73-FF6D-4011-B414-850F6F936625}.Release|Any CPU.Build.0 = Release|Any CPU
	EndGlobalSection
	GlobalSection(SolutionProperties) = preSolution
		HideSolutionNode = FALSE
	EndGlobalSection
	GlobalSection(ExtensibilityGlobals) = postSolution
		SolutionGuid = {2946042B-ED61-4236-BF60-B0BB8134305D}
	EndGlobalSection
EndGlobal
